{
  "nodes": {
    "flake-utils": {
      "inputs": {
        "systems": "systems"
      },
      "locked": {
        "lastModified": 1701680307,
        "narHash": "sha256-kAuep2h5ajznlPMD9rnQyffWG8EM/C73lejGofXvdM8=",
        "owner": "numtide",
        "repo": "flake-utils",
        "rev": "4022d587cbbfd70fe950c1e2083a02621806a725",
        "type": "github"
      },
      "original": {
        "owner": "numtide",
        "repo": "flake-utils",
        "type": "github"
      }
    },
    "nixpkgs": {
      "locked": {
        "lastModified": 1592804089,
        "narHash": "sha256-q65U0XwBl8eSDZqmeX+uEb+Gd9EdKY/1k/kovzUKt7Y=",
        "owner": "NixOS",
        "repo": "nixpkgs",
        "rev": "7b9448665e4be84c3f97becded3676e150f94694",
        "type": "github"
      },
      "original": {
        "id": "nixpkgs",
        "rev": "7b9448665e4be84c3f97becded3676e150f94694",
        "type": "indirect"
      }
    },
    "root": {
      "inputs": {
        "flake-utils": "flake-utils",
        "nixpkgs": "nixpkgs",
        "verilator-src": "verilator-src"
      }
    },
    "systems": {
      "locked": {
        "lastModified": 1681028828,
        "narHash": "sha256-Vy1rq5AaRuLzOxct8nz4T6wlgyUR7zLU309k9mBC768=",
        "owner": "nix-systems",
        "repo": "default",
        "rev": "da67096a3b9bf56a91d16901293e51ba5b49a27e",
        "type": "github"
      },
      "original": {
        "owner": "nix-systems",
        "repo": "default",
        "type": "github"
      }
    },
    "verilator-src": {
      "flake": false,
      "locked": {
        "lastModified": 1511642531,
        "narHash": "sha256-GHFglKmT2idl74hPLKHu08SlWJeIXdi4e/LRgOT6LZA=",
        "type": "tarball",
        "url": "https://github.com/verilator/verilator/archive/refs/tags/v3.916.tar.gz"
      },
      "original": {
        "type": "tarball",
        "url": "https://github.com/verilator/verilator/archive/refs/tags/v3.916.tar.gz"
      }
    }
  },
  "root": "root",
  "version": 7
}
